
Microsoft Visual Studio Solution File, Format Version 12.00
# Visual Studio Version 17
VisualStudioVersion = 17.6.33712.159
MinimumVisualStudioVersion = 10.0.40219.1
Project("{9A19103F-16F7-4668-BE54-9A1E7A4F7556}") = "CentralControl", "CentralControl.csproj", "{CF7A2D6A-DF9A-4461-A35F-650D84C04259}"
EndProject
Project("{FAE04EC0-301F-11D3-BF4B-00C04F79EFBC}") = "FromTest", "..\FromTest\FromTest.csproj", "{0975D042-655C-4B02-BC22-0E33A7AD4D08}"
EndProject
Global
	GlobalSection(SolutionConfigurationPlatforms) = preSolution
		Debug|Any CPU = Debug|Any CPU
		Debug|x64 = Debug|x64
		Debug|x86 = Debug|x86
		Release|Any CPU = Release|Any CPU
		Release|x64 = Release|x64
		Release|x86 = Release|x86
	EndGlobalSection
	GlobalSection(ProjectConfigurationPlatforms) = postSolution
		{CF7A2D6A-DF9A-4461-A35F-650D84C04259}.Debug|Any CPU.ActiveCfg = Debug|Any CPU
		{CF7A2D6A-DF9A-4461-A35F-650D84C04259}.Debug|Any CPU.Build.0 = Debug|Any CPU
		{CF7A2D6A-DF9A-4461-A35F-650D84C04259}.Debug|x64.ActiveCfg = Debug|x64
		{CF7A2D6A-DF9A-4461-A35F-650D84C04259}.Debug|x64.Build.0 = Debug|x64
		{CF7A2D6A-DF9A-4461-A35F-650D84C04259}.Debug|x86.ActiveCfg = Debug|Any CPU
		{CF7A2D6A-DF9A-4461-A35F-650D84C04259}.Debug|x86.Build.0 = Debug|Any CPU
		{CF7A2D6A-DF9A-4461-A35F-650D84C04259}.Release|Any CPU.ActiveCfg = Release|Any CPU
		{CF7A2D6A-DF9A-4461-A35F-650D84C04259}.Release|Any CPU.Build.0 = Release|Any CPU
		{CF7A2D6A-DF9A-4461-A35F-650D84C04259}.Release|x64.ActiveCfg = Release|x64
		{CF7A2D6A-DF9A-4461-A35F-650D84C04259}.Release|x64.Build.0 = Release|x64
		{CF7A2D6A-DF9A-4461-A35F-650D84C04259}.Release|x86.ActiveCfg = Release|x64
		{CF7A2D6A-DF9A-4461-A35F-650D84C04259}.Release|x86.Build.0 = Release|x64
		{0975D042-655C-4B02-BC22-0E33A7AD4D08}.Debug|Any CPU.ActiveCfg = Debug|Any CPU
		{0975D042-655C-4B02-BC22-0E33A7AD4D08}.Debug|Any CPU.Build.0 = Debug|Any CPU
		{0975D042-655C-4B02-BC22-0E33A7AD4D08}.Debug|x64.ActiveCfg = Debug|Any CPU
		{0975D042-655C-4B02-BC22-0E33A7AD4D08}.Debug|x64.Build.0 = Debug|Any CPU
		{0975D042-655C-4B02-BC22-0E33A7AD4D08}.Debug|x86.ActiveCfg = Debug|Any CPU
		{0975D042-655C-4B02-BC22-0E33A7AD4D08}.Debug|x86.Build.0 = Debug|Any CPU
		{0975D042-655C-4B02-BC22-0E33A7AD4D08}.Release|Any CPU.ActiveCfg = Release|Any CPU
		{0975D042-655C-4B02-BC22-0E33A7AD4D08}.Release|Any CPU.Build.0 = Release|Any CPU
		{0975D042-655C-4B02-BC22-0E33A7AD4D08}.Release|x64.ActiveCfg = Release|Any CPU
		{0975D042-655C-4B02-BC22-0E33A7AD4D08}.Release|x64.Build.0 = Release|Any CPU
		{0975D042-655C-4B02-BC22-0E33A7AD4D08}.Release|x86.ActiveCfg = Release|Any CPU
		{0975D042-655C-4B02-BC22-0E33A7AD4D08}.Release|x86.Build.0 = Release|Any CPU
	EndGlobalSection
	GlobalSection(SolutionProperties) = preSolution
		HideSolutionNode = FALSE
	EndGlobalSection
	GlobalSection(ExtensibilityGlobals) = postSolution
		SolutionGuid = {B7CE4915-7DC3-4CE5-8672-CAA1F84C38AC}
	EndGlobalSection
EndGlobal
